
Microsoft Visual Studio Solution File, Format Version 12.00
# Visual Studio Version 16
VisualStudioVersion = 16.0.30717.126
MinimumVisualStudioVersion = 10.0.40219.1
Project("{FAE04EC0-301F-11D3-BF4B-00C04F79EFBC}") = "MUSİCPLAYER-ARDUNİO", "MUSİCPLAYER-ARDUNİO\MUSİCPLAYER-ARDUNİO.csproj", "{C5FE3A4A-65A4-4CFC-925E-A9093D55614C}"
EndProject
Global
	GlobalSection(SolutionConfigurationPlatforms) = preSolution
		Debug|Any CPU = Debug|Any CPU
		Release|Any CPU = Release|Any CPU
	EndGlobalSection
	GlobalSection(ProjectConfigurationPlatforms) = postSolution
		{C5FE3A4A-65A4-4CFC-925E-A9093D55614C}.Debug|Any CPU.ActiveCfg = Debug|Any CPU
		{C5FE3A4A-65A4-4CFC-925E-A9093D55614C}.Debug|Any CPU.Build.0 = Debug|Any CPU
		{C5FE3A4A-65A4-4CFC-925E-A9093D55614C}.Release|Any CPU.ActiveCfg = Release|Any CPU
		{C5FE3A4A-65A4-4CFC-925E-A9093D55614C}.Release|Any CPU.Build.0 = Release|Any CPU
	EndGlobalSection
	GlobalSection(SolutionProperties) = preSolution
		HideSolutionNode = FALSE
	EndGlobalSection
	GlobalSection(ExtensibilityGlobals) = postSolution
		SolutionGuid = {8BAC23ED-BAB4-4272-9C30-50B806AFD52E}
	EndGlobalSection
EndGlobal
